
Microsoft Visual Studio Solution File, Format Version 12.00
# Visual Studio Version 17
VisualStudioVersion = 17.11.35303.130
MinimumVisualStudioVersion = 10.0.40219.1
Project("{9A19103F-16F7-4668-BE54-9A1E7A4F7556}") = "RazorPages", "RazorPages.csproj", "{A56DDED5-D7C4-4B9E-BAF7-0C92E9D5A305}"
EndProject
Global
	GlobalSection(SolutionConfigurationPlatforms) = preSolution
		Debug|Any CPU = Debug|Any CPU
		Release|Any CPU = Release|Any CPU
	EndGlobalSection
	GlobalSection(ProjectConfigurationPlatforms) = postSolution
		{A56DDED5-D7C4-4B9E-BAF7-0C92E9D5A305}.Debug|Any CPU.ActiveCfg = Debug|Any CPU
		{A56DDED5-D7C4-4B9E-BAF7-0C92E9D5A305}.Debug|Any CPU.Build.0 = Debug|Any CPU
		{A56DDED5-D7C4-4B9E-BAF7-0C92E9D5A305}.Release|Any CPU.ActiveCfg = Release|Any CPU
		{A56DDED5-D7C4-4B9E-BAF7-0C92E9D5A305}.Release|Any CPU.Build.0 = Release|Any CPU
	EndGlobalSection
	GlobalSection(SolutionProperties) = preSolution
		HideSolutionNode = FALSE
	EndGlobalSection
	GlobalSection(ExtensibilityGlobals) = postSolution
		SolutionGuid = {3E81C40F-3E85-40EA-8471-5CBADE84EB92}
	EndGlobalSection
EndGlobal
